
Microsoft Visual Studio Solution File, Format Version 12.00
# Visual Studio Version 17
VisualStudioVersion = 17.0.31903.59
MinimumVisualStudioVersion = 10.0.40219.1
Project("{FAE04EC0-301F-11D3-BF4B-00C04F79EFBC}") = "01-Single-File-Apps", "01-Single-File-Apps\01-Single-File-Apps.csproj", "{0AA9A584-8F49-4106-949B-BFA020DAB0EF}"
EndProject
Project("{FAE04EC0-301F-11D3-BF4B-00C04F79EFBC}") = "02-Mutable-Immutable", "02-Mutable-Immutable\02-Mutable-Immutable.csproj", "{D6FB28B6-AAFC-4EFD-8D21-B6265907A8EA}"
EndProject
Project("{FAE04EC0-301F-11D3-BF4B-00C04F79EFBC}") = "03-String-Intern-Pool", "03-String-Intern-Pool\03-String-Intern-Pool.csproj", "{4CF29C7C-D549-4F20-8F14-7339768F92EB}"
EndProject
Project("{FAE04EC0-301F-11D3-BF4B-00C04F79EFBC}") = "04-String-Methods", "04-String-Methods\04-String-Methods.csproj", "{CB208A0D-6857-4354-8781-2B157B85D572}"
EndProject
Project("{FAE04EC0-301F-11D3-BF4B-00C04F79EFBC}") = "05-StringBuilder", "05-StringBuilder\05-StringBuilder.csproj", "{83712BC8-3359-4CF2-BB08-CF0608EFFB3F}"
EndProject
Project("{FAE04EC0-301F-11D3-BF4B-00C04F79EFBC}") = "06-String-Formatting", "06-String-Formatting\06-String-Formatting.csproj", "{8FE5C7DB-5B56-4ADE-AB7C-6F5FFD129F46}"
EndProject
Project("{FAE04EC0-301F-11D3-BF4B-00C04F79EFBC}") = "07-Dates-And-Time", "07-Dates-And-Time\07-Dates-And-Time.csproj", "{7CB6E913-3D8F-44A0-B5EB-04A2A1443946}"
EndProject
Project("{FAE04EC0-301F-11D3-BF4B-00C04F79EFBC}") = "08-Decisions", "08-Decisions\08-Decisions.csproj", "{7A651E6B-0697-409B-8F4C-FD998D3A7C4B}"
EndProject
Project("{FAE04EC0-301F-11D3-BF4B-00C04F79EFBC}") = "09-Ternary", "09-Ternary\09-Ternary.csproj", "{FF01F667-76B6-4780-8C01-6CD4E06F18B6}"
EndProject
Project("{FAE04EC0-301F-11D3-BF4B-00C04F79EFBC}") = "10-Loops", "10-Loops\10-Loops.csproj", "{66575A65-E7F5-41F0-BE5C-63045922CCD3}"
EndProject
Project("{FAE04EC0-301F-11D3-BF4B-00C04F79EFBC}") = "11-Default-Values", "11-Default-Values\11-Default-Values.csproj", "{9D211278-3BC0-4ADB-8666-2AF7010B5A0C}"
EndProject
Global
	GlobalSection(SolutionConfigurationPlatforms) = preSolution
		Debug|Any CPU = Debug|Any CPU
		Debug|x64 = Debug|x64
		Debug|x86 = Debug|x86
		Release|Any CPU = Release|Any CPU
		Release|x64 = Release|x64
		Release|x86 = Release|x86
	EndGlobalSection
	GlobalSection(ProjectConfigurationPlatforms) = postSolution
		{0AA9A584-8F49-4106-949B-BFA020DAB0EF}.Debug|Any CPU.ActiveCfg = Debug|Any CPU
		{0AA9A584-8F49-4106-949B-BFA020DAB0EF}.Debug|Any CPU.Build.0 = Debug|Any CPU
		{0AA9A584-8F49-4106-949B-BFA020DAB0EF}.Debug|x64.ActiveCfg = Debug|Any CPU
		{0AA9A584-8F49-4106-949B-BFA020DAB0EF}.Debug|x64.Build.0 = Debug|Any CPU
		{0AA9A584-8F49-4106-949B-BFA020DAB0EF}.Debug|x86.ActiveCfg = Debug|Any CPU
		{0AA9A584-8F49-4106-949B-BFA020DAB0EF}.Debug|x86.Build.0 = Debug|Any CPU
		{0AA9A584-8F49-4106-949B-BFA020DAB0EF}.Release|Any CPU.ActiveCfg = Release|Any CPU
		{0AA9A584-8F49-4106-949B-BFA020DAB0EF}.Release|Any CPU.Build.0 = Release|Any CPU
		{0AA9A584-8F49-4106-949B-BFA020DAB0EF}.Release|x64.ActiveCfg = Release|Any CPU
		{0AA9A584-8F49-4106-949B-BFA020DAB0EF}.Release|x64.Build.0 = Release|Any CPU
		{0AA9A584-8F49-4106-949B-BFA020DAB0EF}.Release|x86.ActiveCfg = Release|Any CPU
		{0AA9A584-8F49-4106-949B-BFA020DAB0EF}.Release|x86.Build.0 = Release|Any CPU
		{D6FB28B6-AAFC-4EFD-8D21-B6265907A8EA}.Debug|Any CPU.ActiveCfg = Debug|Any CPU
		{D6FB28B6-AAFC-4EFD-8D21-B6265907A8EA}.Debug|Any CPU.Build.0 = Debug|Any CPU
		{D6FB28B6-AAFC-4EFD-8D21-B6265907A8EA}.Debug|x64.ActiveCfg = Debug|Any CPU
		{D6FB28B6-AAFC-4EFD-8D21-B6265907A8EA}.Debug|x64.Build.0 = Debug|Any CPU
		{D6FB28B6-AAFC-4EFD-8D21-B6265907A8EA}.Debug|x86.ActiveCfg = Debug|Any CPU
		{D6FB28B6-AAFC-4EFD-8D21-B6265907A8EA}.Debug|x86.Build.0 = Debug|Any CPU
		{D6FB28B6-AAFC-4EFD-8D21-B6265907A8EA}.Release|Any CPU.ActiveCfg = Release|Any CPU
		{D6FB28B6-AAFC-4EFD-8D21-B6265907A8EA}.Release|Any CPU.Build.0 = Release|Any CPU
		{D6FB28B6-AAFC-4EFD-8D21-B6265907A8EA}.Release|x64.ActiveCfg = Release|Any CPU
		{D6FB28B6-AAFC-4EFD-8D21-B6265907A8EA}.Release|x64.Build.0 = Release|Any CPU
		{D6FB28B6-AAFC-4EFD-8D21-B6265907A8EA}.Release|x86.ActiveCfg = Release|Any CPU
		{D6FB28B6-AAFC-4EFD-8D21-B6265907A8EA}.Release|x86.Build.0 = Release|Any CPU
		{4CF29C7C-D549-4F20-8F14-7339768F92EB}.Debug|Any CPU.ActiveCfg = Debug|Any CPU
		{4CF29C7C-D549-4F20-8F14-7339768F92EB}.Debug|Any CPU.Build.0 = Debug|Any CPU
		{4CF29C7C-D549-4F20-8F14-7339768F92EB}.Debug|x64.ActiveCfg = Debug|Any CPU
		{4CF29C7C-D549-4F20-8F14-7339768F92EB}.Debug|x64.Build.0 = Debug|Any CPU
		{4CF29C7C-D549-4F20-8F14-7339768F92EB}.Debug|x86.ActiveCfg = Debug|Any CPU
		{4CF29C7C-D549-4F20-8F14-7339768F92EB}.Debug|x86.Build.0 = Debug|Any CPU
		{4CF29C7C-D549-4F20-8F14-7339768F92EB}.Release|Any CPU.ActiveCfg = Release|Any CPU
		{4CF29C7C-D549-4F20-8F14-7339768F92EB}.Release|Any CPU.Build.0 = Release|Any CPU
		{4CF29C7C-D549-4F20-8F14-7339768F92EB}.Release|x64.ActiveCfg = Release|Any CPU
		{4CF29C7C-D549-4F20-8F14-7339768F92EB}.Release|x64.Build.0 = Release|Any CPU
		{4CF29C7C-D549-4F20-8F14-7339768F92EB}.Release|x86.ActiveCfg = Release|Any CPU
		{4CF29C7C-D549-4F20-8F14-7339768F92EB}.Release|x86.Build.0 = Release|Any CPU
		{CB208A0D-6857-4354-8781-2B157B85D572}.Debug|Any CPU.ActiveCfg = Debug|Any CPU
		{CB208A0D-6857-4354-8781-2B157B85D572}.Debug|Any CPU.Build.0 = Debug|Any CPU
		{CB208A0D-6857-4354-8781-2B157B85D572}.Debug|x64.ActiveCfg = Debug|Any CPU
		{CB208A0D-6857-4354-8781-2B157B85D572}.Debug|x64.Build.0 = Debug|Any CPU
		{CB208A0D-6857-4354-8781-2B157B85D572}.Debug|x86.ActiveCfg = Debug|Any CPU
		{CB208A0D-6857-4354-8781-2B157B85D572}.Debug|x86.Build.0 = Debug|Any CPU
		{CB208A0D-6857-4354-8781-2B157B85D572}.Release|Any CPU.ActiveCfg = Release|Any CPU
		{CB208A0D-6857-4354-8781-2B157B85D572}.Release|Any CPU.Build.0 = Release|Any CPU
		{CB208A0D-6857-4354-8781-2B157B85D572}.Release|x64.ActiveCfg = Release|Any CPU
		{CB208A0D-6857-4354-8781-2B157B85D572}.Release|x64.Build.0 = Release|Any CPU
		{CB208A0D-6857-4354-8781-2B157B85D572}.Release|x86.ActiveCfg = Release|Any CPU
		{CB208A0D-6857-4354-8781-2B157B85D572}.Release|x86.Build.0 = Release|Any CPU
		{83712BC8-3359-4CF2-BB08-CF0608EFFB3F}.Debug|Any CPU.ActiveCfg = Debug|Any CPU
		{83712BC8-3359-4CF2-BB08-CF0608EFFB3F}.Debug|Any CPU.Build.0 = Debug|Any CPU
		{83712BC8-3359-4CF2-BB08-CF0608EFFB3F}.Debug|x64.ActiveCfg = Debug|Any CPU
		{83712BC8-3359-4CF2-BB08-CF0608EFFB3F}.Debug|x64.Build.0 = Debug|Any CPU
		{83712BC8-3359-4CF2-BB08-CF0608EFFB3F}.Debug|x86.ActiveCfg = Debug|Any CPU
		{83712BC8-3359-4CF2-BB08-CF0608EFFB3F}.Debug|x86.Build.0 = Debug|Any CPU
		{83712BC8-3359-4CF2-BB08-CF0608EFFB3F}.Release|Any CPU.ActiveCfg = Release|Any CPU
		{83712BC8-3359-4CF2-BB08-CF0608EFFB3F}.Release|Any CPU.Build.0 = Release|Any CPU
		{83712BC8-3359-4CF2-BB08-CF0608EFFB3F}.Release|x64.ActiveCfg = Release|Any CPU
		{83712BC8-3359-4CF2-BB08-CF0608EFFB3F}.Release|x64.Build.0 = Release|Any CPU
		{83712BC8-3359-4CF2-BB08-CF0608EFFB3F}.Release|x86.ActiveCfg = Release|Any CPU
		{83712BC8-3359-4CF2-BB08-CF0608EFFB3F}.Release|x86.Build.0 = Release|Any CPU
		{8FE5C7DB-5B56-4ADE-AB7C-6F5FFD129F46}.Debug|Any CPU.ActiveCfg = Debug|Any CPU
		{8FE5C7DB-5B56-4ADE-AB7C-6F5FFD129F46}.Debug|Any CPU.Build.0 = Debug|Any CPU
		{8FE5C7DB-5B56-4ADE-AB7C-6F5FFD129F46}.Debug|x64.ActiveCfg = Debug|Any CPU
		{8FE5C7DB-5B56-4ADE-AB7C-6F5FFD129F46}.Debug|x64.Build.0 = Debug|Any CPU
		{8FE5C7DB-5B56-4ADE-AB7C-6F5FFD129F46}.Debug|x86.ActiveCfg = Debug|Any CPU
		{8FE5C7DB-5B56-4ADE-AB7C-6F5FFD129F46}.Debug|x86.Build.0 = Debug|Any CPU
		{8FE5C7DB-5B56-4ADE-AB7C-6F5FFD129F46}.Release|Any CPU.ActiveCfg = Release|Any CPU
		{8FE5C7DB-5B56-4ADE-AB7C-6F5FFD129F46}.Release|Any CPU.Build.0 = Release|Any CPU
		{8FE5C7DB-5B56-4ADE-AB7C-6F5FFD129F46}.Release|x64.ActiveCfg = Release|Any CPU
		{8FE5C7DB-5B56-4ADE-AB7C-6F5FFD129F46}.Release|x64.Build.0 = Release|Any CPU
		{8FE5C7DB-5B56-4ADE-AB7C-6F5FFD129F46}.Release|x86.ActiveCfg = Release|Any CPU
		{8FE5C7DB-5B56-4ADE-AB7C-6F5FFD129F46}.Release|x86.Build.0 = Release|Any CPU
		{7CB6E913-3D8F-44A0-B5EB-04A2A1443946}.Debug|Any CPU.ActiveCfg = Debug|Any CPU
		{7CB6E913-3D8F-44A0-B5EB-04A2A1443946}.Debug|Any CPU.Build.0 = Debug|Any CPU
		{7CB6E913-3D8F-44A0-B5EB-04A2A1443946}.Debug|x64.ActiveCfg = Debug|Any CPU
		{7CB6E913-3D8F-44A0-B5EB-04A2A1443946}.Debug|x64.Build.0 = Debug|Any CPU
		{7CB6E913-3D8F-44A0-B5EB-04A2A1443946}.Debug|x86.ActiveCfg = Debug|Any CPU
		{7CB6E913-3D8F-44A0-B5EB-04A2A1443946}.Debug|x86.Build.0 = Debug|Any CPU
		{7CB6E913-3D8F-44A0-B5EB-04A2A1443946}.Release|Any CPU.ActiveCfg = Release|Any CPU
		{7CB6E913-3D8F-44A0-B5EB-04A2A1443946}.Release|Any CPU.Build.0 = Release|Any CPU
		{7CB6E913-3D8F-44A0-B5EB-04A2A1443946}.Release|x64.ActiveCfg = Release|Any CPU
		{7CB6E913-3D8F-44A0-B5EB-04A2A1443946}.Release|x64.Build.0 = Release|Any CPU
		{7CB6E913-3D8F-44A0-B5EB-04A2A1443946}.Release|x86.ActiveCfg = Release|Any CPU
		{7CB6E913-3D8F-44A0-B5EB-04A2A1443946}.Release|x86.Build.0 = Release|Any CPU
		{7A651E6B-0697-409B-8F4C-FD998D3A7C4B}.Debug|Any CPU.ActiveCfg = Debug|Any CPU
		{7A651E6B-0697-409B-8F4C-FD998D3A7C4B}.Debug|Any CPU.Build.0 = Debug|Any CPU
		{7A651E6B-0697-409B-8F4C-FD998D3A7C4B}.Debug|x64.ActiveCfg = Debug|Any CPU
		{7A651E6B-0697-409B-8F4C-FD998D3A7C4B}.Debug|x64.Build.0 = Debug|Any CPU
		{7A651E6B-0697-409B-8F4C-FD998D3A7C4B}.Debug|x86.ActiveCfg = Debug|Any CPU
		{7A651E6B-0697-409B-8F4C-FD998D3A7C4B}.Debug|x86.Build.0 = Debug|Any CPU
		{7A651E6B-0697-409B-8F4C-FD998D3A7C4B}.Release|Any CPU.ActiveCfg = Release|Any CPU
		{7A651E6B-0697-409B-8F4C-FD998D3A7C4B}.Release|Any CPU.Build.0 = Release|Any CPU
		{7A651E6B-0697-409B-8F4C-FD998D3A7C4B}.Release|x64.ActiveCfg = Release|Any CPU
		{7A651E6B-0697-409B-8F4C-FD998D3A7C4B}.Release|x64.Build.0 = Release|Any CPU
		{7A651E6B-0697-409B-8F4C-FD998D3A7C4B}.Release|x86.ActiveCfg = Release|Any CPU
		{7A651E6B-0697-409B-8F4C-FD998D3A7C4B}.Release|x86.Build.0 = Release|Any CPU
		{FF01F667-76B6-4780-8C01-6CD4E06F18B6}.Debug|Any CPU.ActiveCfg = Debug|Any CPU
		{FF01F667-76B6-4780-8C01-6CD4E06F18B6}.Debug|Any CPU.Build.0 = Debug|Any CPU
		{FF01F667-76B6-4780-8C01-6CD4E06F18B6}.Debug|x64.ActiveCfg = Debug|Any CPU
		{FF01F667-76B6-4780-8C01-6CD4E06F18B6}.Debug|x64.Build.0 = Debug|Any CPU
		{FF01F667-76B6-4780-8C01-6CD4E06F18B6}.Debug|x86.ActiveCfg = Debug|Any CPU
		{FF01F667-76B6-4780-8C01-6CD4E06F18B6}.Debug|x86.Build.0 = Debug|Any CPU
		{FF01F667-76B6-4780-8C01-6CD4E06F18B6}.Release|Any CPU.ActiveCfg = Release|Any CPU
		{FF01F667-76B6-4780-8C01-6CD4E06F18B6}.Release|Any CPU.Build.0 = Release|Any CPU
		{FF01F667-76B6-4780-8C01-6CD4E06F18B6}.Release|x64.ActiveCfg = Release|Any CPU
		{FF01F667-76B6-4780-8C01-6CD4E06F18B6}.Release|x64.Build.0 = Release|Any CPU
		{FF01F667-76B6-4780-8C01-6CD4E06F18B6}.Release|x86.ActiveCfg = Release|Any CPU
		{FF01F667-76B6-4780-8C01-6CD4E06F18B6}.Release|x86.Build.0 = Release|Any CPU
		{66575A65-E7F5-41F0-BE5C-63045922CCD3}.Debug|Any CPU.ActiveCfg = Debug|Any CPU
		{66575A65-E7F5-41F0-BE5C-63045922CCD3}.Debug|Any CPU.Build.0 = Debug|Any CPU
		{66575A65-E7F5-41F0-BE5C-63045922CCD3}.Debug|x64.ActiveCfg = Debug|Any CPU
		{66575A65-E7F5-41F0-BE5C-63045922CCD3}.Debug|x64.Build.0 = Debug|Any CPU
		{66575A65-E7F5-41F0-BE5C-63045922CCD3}.Debug|x86.ActiveCfg = Debug|Any CPU
		{66575A65-E7F5-41F0-BE5C-63045922CCD3}.Debug|x86.Build.0 = Debug|Any CPU
		{66575A65-E7F5-41F0-BE5C-63045922CCD3}.Release|Any CPU.ActiveCfg = Release|Any CPU
		{66575A65-E7F5-41F0-BE5C-63045922CCD3}.Release|Any CPU.Build.0 = Release|Any CPU
		{66575A65-E7F5-41F0-BE5C-63045922CCD3}.Release|x64.ActiveCfg = Release|Any CPU
		{66575A65-E7F5-41F0-BE5C-63045922CCD3}.Release|x64.Build.0 = Release|Any CPU
		{66575A65-E7F5-41F0-BE5C-63045922CCD3}.Release|x86.ActiveCfg = Release|Any CPU
		{66575A65-E7F5-41F0-BE5C-63045922CCD3}.Release|x86.Build.0 = Release|Any CPU
		{9D211278-3BC0-4ADB-8666-2AF7010B5A0C}.Debug|Any CPU.ActiveCfg = Debug|Any CPU
		{9D211278-3BC0-4ADB-8666-2AF7010B5A0C}.Debug|Any CPU.Build.0 = Debug|Any CPU
		{9D211278-3BC0-4ADB-8666-2AF7010B5A0C}.Debug|x64.ActiveCfg = Debug|Any CPU
		{9D211278-3BC0-4ADB-8666-2AF7010B5A0C}.Debug|x64.Build.0 = Debug|Any CPU
		{9D211278-3BC0-4ADB-8666-2AF7010B5A0C}.Debug|x86.ActiveCfg = Debug|Any CPU
		{9D211278-3BC0-4ADB-8666-2AF7010B5A0C}.Debug|x86.Build.0 = Debug|Any CPU
		{9D211278-3BC0-4ADB-8666-2AF7010B5A0C}.Release|Any CPU.ActiveCfg = Release|Any CPU
		{9D211278-3BC0-4ADB-8666-2AF7010B5A0C}.Release|Any CPU.Build.0 = Release|Any CPU
		{9D211278-3BC0-4ADB-8666-2AF7010B5A0C}.Release|x64.ActiveCfg = Release|Any CPU
		{9D211278-3BC0-4ADB-8666-2AF7010B5A0C}.Release|x64.Build.0 = Release|Any CPU
		{9D211278-3BC0-4ADB-8666-2AF7010B5A0C}.Release|x86.ActiveCfg = Release|Any CPU
		{9D211278-3BC0-4ADB-8666-2AF7010B5A0C}.Release|x86.Build.0 = Release|Any CPU
	EndGlobalSection
	GlobalSection(SolutionProperties) = preSolution
		HideSolutionNode = FALSE
	EndGlobalSection
EndGlobal
